
Microsoft Visual Studio Solution File, Format Version 12.00
# Visual Studio Version 16
VisualStudioVersion = 16.0.31205.134
MinimumVisualStudioVersion = 10.0.40219.1
Project("{FAE04EC0-301F-11D3-BF4B-00C04F79EFBC}") = "Reactivities", "Reactivities\Reactivities.csproj", "{62E679AC-2E5E-4696-B28E-BD96E09EFF13}"
EndProject
Global
	GlobalSection(SolutionConfigurationPlatforms) = preSolution
		Debug|Any CPU = Debug|Any CPU
		Release|Any CPU = Release|Any CPU
	EndGlobalSection
	GlobalSection(ProjectConfigurationPlatforms) = postSolution
		{62E679AC-2E5E-4696-B28E-BD96E09EFF13}.Debug|Any CPU.ActiveCfg = Debug|Any CPU
		{62E679AC-2E5E-4696-B28E-BD96E09EFF13}.Debug|Any CPU.Build.0 = Debug|Any CPU
		{62E679AC-2E5E-4696-B28E-BD96E09EFF13}.Release|Any CPU.ActiveCfg = Release|Any CPU
		{62E679AC-2E5E-4696-B28E-BD96E09EFF13}.Release|Any CPU.Build.0 = Release|Any CPU
	EndGlobalSection
	GlobalSection(SolutionProperties) = preSolution
		HideSolutionNode = FALSE
	EndGlobalSection
	GlobalSection(ExtensibilityGlobals) = postSolution
		SolutionGuid = {427A3C0B-6D51-49E9-9C8E-2AE168C9C834}
	EndGlobalSection
EndGlobal
