
Microsoft Visual Studio Solution File, Format Version 12.00
# Visual Studio 15
VisualStudioVersion = 15.0.26124.0
MinimumVisualStudioVersion = 15.0.26124.0
Project("{FAE04EC0-301F-11D3-BF4B-00C04F79EFBC}") = "Domain", "Domain\Domain.csproj", "{F466B176-4761-44D1-A8EC-A3961FB2297B}"
EndProject
Project("{FAE04EC0-301F-11D3-BF4B-00C04F79EFBC}") = "Application", "Application\Application.csproj", "{26F28907-A42F-4685-9906-421DEF0D5AE7}"
EndProject
Project("{FAE04EC0-301F-11D3-BF4B-00C04F79EFBC}") = "Persistence", "Persistence\Persistence.csproj", "{FD8B8516-3358-4F1C-BAD5-E5A931361C5E}"
EndProject
Project("{FAE04EC0-301F-11D3-BF4B-00C04F79EFBC}") = "API", "API\API.csproj", "{CA53A5CF-117F-4115-B094-B5DAFA227966}"
EndProject
Global
	GlobalSection(SolutionConfigurationPlatforms) = preSolution
		Debug|Any CPU = Debug|Any CPU
		Debug|x64 = Debug|x64
		Debug|x86 = Debug|x86
		Release|Any CPU = Release|Any CPU
		Release|x64 = Release|x64
		Release|x86 = Release|x86
	EndGlobalSection
	GlobalSection(SolutionProperties) = preSolution
		HideSolutionNode = FALSE
	EndGlobalSection
	GlobalSection(ProjectConfigurationPlatforms) = postSolution
		{F466B176-4761-44D1-A8EC-A3961FB2297B}.Debug|Any CPU.ActiveCfg = Debug|Any CPU
		{F466B176-4761-44D1-A8EC-A3961FB2297B}.Debug|Any CPU.Build.0 = Debug|Any CPU
		{F466B176-4761-44D1-A8EC-A3961FB2297B}.Debug|x64.ActiveCfg = Debug|Any CPU
		{F466B176-4761-44D1-A8EC-A3961FB2297B}.Debug|x64.Build.0 = Debug|Any CPU
		{F466B176-4761-44D1-A8EC-A3961FB2297B}.Debug|x86.ActiveCfg = Debug|Any CPU
		{F466B176-4761-44D1-A8EC-A3961FB2297B}.Debug|x86.Build.0 = Debug|Any CPU
		{F466B176-4761-44D1-A8EC-A3961FB2297B}.Release|Any CPU.ActiveCfg = Release|Any CPU
		{F466B176-4761-44D1-A8EC-A3961FB2297B}.Release|Any CPU.Build.0 = Release|Any CPU
		{F466B176-4761-44D1-A8EC-A3961FB2297B}.Release|x64.ActiveCfg = Release|Any CPU
		{F466B176-4761-44D1-A8EC-A3961FB2297B}.Release|x64.Build.0 = Release|Any CPU
		{F466B176-4761-44D1-A8EC-A3961FB2297B}.Release|x86.ActiveCfg = Release|Any CPU
		{F466B176-4761-44D1-A8EC-A3961FB2297B}.Release|x86.Build.0 = Release|Any CPU
		{26F28907-A42F-4685-9906-421DEF0D5AE7}.Debug|Any CPU.ActiveCfg = Debug|Any CPU
		{26F28907-A42F-4685-9906-421DEF0D5AE7}.Debug|Any CPU.Build.0 = Debug|Any CPU
		{26F28907-A42F-4685-9906-421DEF0D5AE7}.Debug|x64.ActiveCfg = Debug|Any CPU
		{26F28907-A42F-4685-9906-421DEF0D5AE7}.Debug|x64.Build.0 = Debug|Any CPU
		{26F28907-A42F-4685-9906-421DEF0D5AE7}.Debug|x86.ActiveCfg = Debug|Any CPU
		{26F28907-A42F-4685-9906-421DEF0D5AE7}.Debug|x86.Build.0 = Debug|Any CPU
		{26F28907-A42F-4685-9906-421DEF0D5AE7}.Release|Any CPU.ActiveCfg = Release|Any CPU
		{26F28907-A42F-4685-9906-421DEF0D5AE7}.Release|Any CPU.Build.0 = Release|Any CPU
		{26F28907-A42F-4685-9906-421DEF0D5AE7}.Release|x64.ActiveCfg = Release|Any CPU
		{26F28907-A42F-4685-9906-421DEF0D5AE7}.Release|x64.Build.0 = Release|Any CPU
		{26F28907-A42F-4685-9906-421DEF0D5AE7}.Release|x86.ActiveCfg = Release|Any CPU
		{26F28907-A42F-4685-9906-421DEF0D5AE7}.Release|x86.Build.0 = Release|Any CPU
		{FD8B8516-3358-4F1C-BAD5-E5A931361C5E}.Debug|Any CPU.ActiveCfg = Debug|Any CPU
		{FD8B8516-3358-4F1C-BAD5-E5A931361C5E}.Debug|Any CPU.Build.0 = Debug|Any CPU
		{FD8B8516-3358-4F1C-BAD5-E5A931361C5E}.Debug|x64.ActiveCfg = Debug|Any CPU
		{FD8B8516-3358-4F1C-BAD5-E5A931361C5E}.Debug|x64.Build.0 = Debug|Any CPU
		{FD8B8516-3358-4F1C-BAD5-E5A931361C5E}.Debug|x86.ActiveCfg = Debug|Any CPU
		{FD8B8516-3358-4F1C-BAD5-E5A931361C5E}.Debug|x86.Build.0 = Debug|Any CPU
		{FD8B8516-3358-4F1C-BAD5-E5A931361C5E}.Release|Any CPU.ActiveCfg = Release|Any CPU
		{FD8B8516-3358-4F1C-BAD5-E5A931361C5E}.Release|Any CPU.Build.0 = Release|Any CPU
		{FD8B8516-3358-4F1C-BAD5-E5A931361C5E}.Release|x64.ActiveCfg = Release|Any CPU
		{FD8B8516-3358-4F1C-BAD5-E5A931361C5E}.Release|x64.Build.0 = Release|Any CPU
		{FD8B8516-3358-4F1C-BAD5-E5A931361C5E}.Release|x86.ActiveCfg = Release|Any CPU
		{FD8B8516-3358-4F1C-BAD5-E5A931361C5E}.Release|x86.Build.0 = Release|Any CPU
		{CA53A5CF-117F-4115-B094-B5DAFA227966}.Debug|Any CPU.ActiveCfg = Debug|Any CPU
		{CA53A5CF-117F-4115-B094-B5DAFA227966}.Debug|Any CPU.Build.0 = Debug|Any CPU
		{CA53A5CF-117F-4115-B094-B5DAFA227966}.Debug|x64.ActiveCfg = Debug|Any CPU
		{CA53A5CF-117F-4115-B094-B5DAFA227966}.Debug|x64.Build.0 = Debug|Any CPU
		{CA53A5CF-117F-4115-B094-B5DAFA227966}.Debug|x86.ActiveCfg = Debug|Any CPU
		{CA53A5CF-117F-4115-B094-B5DAFA227966}.Debug|x86.Build.0 = Debug|Any CPU
		{CA53A5CF-117F-4115-B094-B5DAFA227966}.Release|Any CPU.ActiveCfg = Release|Any CPU
		{CA53A5CF-117F-4115-B094-B5DAFA227966}.Release|Any CPU.Build.0 = Release|Any CPU
		{CA53A5CF-117F-4115-B094-B5DAFA227966}.Release|x64.ActiveCfg = Release|Any CPU
		{CA53A5CF-117F-4115-B094-B5DAFA227966}.Release|x64.Build.0 = Release|Any CPU
		{CA53A5CF-117F-4115-B094-B5DAFA227966}.Release|x86.ActiveCfg = Release|Any CPU
		{CA53A5CF-117F-4115-B094-B5DAFA227966}.Release|x86.Build.0 = Release|Any CPU
	EndGlobalSection
EndGlobal
